
Microsoft Visual Studio Solution File, Format Version 12.00
# Visual Studio Version 16
VisualStudioVersion = 16.0.30717.126
MinimumVisualStudioVersion = 10.0.40219.1
Project("{FAE04EC0-301F-11D3-BF4B-00C04F79EFBC}") = "Blog_do_Matoso", "Blog_do_Matoso\Blog_do_Matoso.csproj", "{0C156B3E-AF16-4C4F-A59C-79D75DC3F890}"
EndProject
Global
	GlobalSection(SolutionConfigurationPlatforms) = preSolution
		Debug|Any CPU = Debug|Any CPU
		Release|Any CPU = Release|Any CPU
	EndGlobalSection
	GlobalSection(ProjectConfigurationPlatforms) = postSolution
		{0C156B3E-AF16-4C4F-A59C-79D75DC3F890}.Debug|Any CPU.ActiveCfg = Debug|Any CPU
		{0C156B3E-AF16-4C4F-A59C-79D75DC3F890}.Debug|Any CPU.Build.0 = Debug|Any CPU
		{0C156B3E-AF16-4C4F-A59C-79D75DC3F890}.Release|Any CPU.ActiveCfg = Release|Any CPU
		{0C156B3E-AF16-4C4F-A59C-79D75DC3F890}.Release|Any CPU.Build.0 = Release|Any CPU
	EndGlobalSection
	GlobalSection(SolutionProperties) = preSolution
		HideSolutionNode = FALSE
	EndGlobalSection
	GlobalSection(ExtensibilityGlobals) = postSolution
		SolutionGuid = {DFB759B3-C956-4D88-866F-04CE4D2ABD5A}
	EndGlobalSection
EndGlobal
